
Microsoft Visual Studio Solution File, Format Version 12.00
# Visual Studio Version 17
VisualStudioVersion = 17.14.36518.9
MinimumVisualStudioVersion = 10.0.40219.1
Project("{2150E333-8FDC-42A3-9474-1A3956D46DE8}") = "Task 0", "Task 0", "{02EA681E-C7D8-13C7-8484-4AC65E1B71E8}"
EndProject
Project("{FAE04EC0-301F-11D3-BF4B-00C04F79EFBC}") = "Tyuiu.FilevaPA.Sprint4.Task0.V3", "Tyuiu.FilevaPA.Sprint4.Task0.V3\Tyuiu.FilevaPA.Sprint4.Task0.V3.csproj", "{62358C64-602D-489A-868A-4486194DB7B4}"
EndProject
Project("{FAE04EC0-301F-11D3-BF4B-00C04F79EFBC}") = "Tyuiu.FilevaPA.Sprint4.Task0.V3.Lib", "Tyuiu.FilevaPA.Sprint4.Task0.V3.Lib\Tyuiu.FilevaPA.Sprint4.Task0.V3.Lib.csproj", "{BBC25A1D-55F5-4FAA-BC8D-CCC9B6A87670}"
EndProject
Project("{FAE04EC0-301F-11D3-BF4B-00C04F79EFBC}") = "Tyuiu.FilevaPA.Sprint4.Task0.V3.Test", "Tyuiu.FilevaPA.Sprint4.Task0.V3.Test\Tyuiu.FilevaPA.Sprint4.Task0.V3.Test.csproj", "{1B993F53-281C-4972-B6D7-BF589DCE8C82}"
EndProject
Project("{2150E333-8FDC-42A3-9474-1A3956D46DE8}") = "Task 1", "Task 1", "{3F34418B-5E3E-4A75-8D1D-B0BD5A23BD8A}"
EndProject
Project("{FAE04EC0-301F-11D3-BF4B-00C04F79EFBC}") = "Tyuiu.FilevaPA.Sprint4.Task1.V7", "Tyuiu.FilevaPA.Sprint4.Task1.V7\Tyuiu.FilevaPA.Sprint4.Task1.V7.csproj", "{E85E7DB0-18E8-45E3-B1EF-AB4228E913FB}"
EndProject
Project("{FAE04EC0-301F-11D3-BF4B-00C04F79EFBC}") = "Tyuiu.FilevaPA.Sprint4.Task1.V7.Lib", "Tyuiu.FilevaPA.Sprint4.Task1.V7.Lib\Tyuiu.FilevaPA.Sprint4.Task1.V7.Lib.csproj", "{29F142D5-1583-40EC-AC8F-7740E83ADDF4}"
EndProject
Project("{FAE04EC0-301F-11D3-BF4B-00C04F79EFBC}") = "Tyuiu.FilevaPA.Sprint4.Task1.V7.Test", "Tyuiu.FilevaPA.Sprint4.Task1.V7.Test\Tyuiu.FilevaPA.Sprint4.Task1.V7.Test.csproj", "{A53D5EB8-DB60-4217-AD2F-C03EE0F97A38}"
EndProject
Project("{2150E333-8FDC-42A3-9474-1A3956D46DE8}") = "Task 2", "Task 2", "{09DDD7BF-71C7-4B50-B98C-ACA100B61361}"
EndProject
Project("{FAE04EC0-301F-11D3-BF4B-00C04F79EFBC}") = "Tyuiu.FilevaPA.Sprint4.Task2.V3", "Tyuiu.FilevaPA.Sprint4.Task2.V3\Tyuiu.FilevaPA.Sprint4.Task2.V3.csproj", "{9366D3AA-DC82-434F-9320-A402C6E2EA3D}"
EndProject
Project("{FAE04EC0-301F-11D3-BF4B-00C04F79EFBC}") = "Tyuiu.FilevaPA.Sprint4.Task2.V3.Lib", "Tyuiu.FilevaPA.Sprint4.Task2.V3.Lib\Tyuiu.FilevaPA.Sprint4.Task2.V3.Lib.csproj", "{8075AB04-D8EB-4586-B0FF-1058B1B9E977}"
EndProject
Project("{FAE04EC0-301F-11D3-BF4B-00C04F79EFBC}") = "Tyuiu.FilevaPA.Sprint4.Task2.V3.Test", "Tyuiu.FilevaPA.Sprint4.Task2.V3.Test\Tyuiu.FilevaPA.Sprint4.Task2.V3.Test.csproj", "{07AA3BD5-C9C3-479C-A821-5315DD2060E3}"
EndProject
Project("{2150E333-8FDC-42A3-9474-1A3956D46DE8}") = "Task 3", "Task 3", "{86A87F72-9585-4AEB-8BD8-2682B7EB8531}"
EndProject
Project("{FAE04EC0-301F-11D3-BF4B-00C04F79EFBC}") = "Tyuiu.FilevaPA.Sprint4.Task3.V14", "Tyuiu.FilevaPA.Sprint4.Task3.V14\Tyuiu.FilevaPA.Sprint4.Task3.V14.csproj", "{84A293E3-87F0-4E11-8EBC-C84EF9010B8C}"
EndProject
Project("{FAE04EC0-301F-11D3-BF4B-00C04F79EFBC}") = "Tyuiu.FilevaPA.Sprint4.Task3.V14.Lib", "Tyuiu.FilevaPA.Sprint4.Task3.V14.Lib\Tyuiu.FilevaPA.Sprint4.Task3.V14.Lib.csproj", "{05AA3940-BD08-46E1-859D-E74D5B78A9C8}"
EndProject
Project("{FAE04EC0-301F-11D3-BF4B-00C04F79EFBC}") = "Tyuiu.FilevaPA.Sprint4.Task3.V14.Test", "Tyuiu.FilevaPA.Sprint4.Task3.V14.Test\Tyuiu.FilevaPA.Sprint4.Task3.V14.Test.csproj", "{0956AB3D-79D5-43ED-9E2D-FC374C1D5C82}"
EndProject
Project("{2150E333-8FDC-42A3-9474-1A3956D46DE8}") = "Task 4", "Task 4", "{6D073EE1-F9C0-495A-9A42-22DB424BD01A}"
EndProject
Project("{FAE04EC0-301F-11D3-BF4B-00C04F79EFBC}") = "Tyuiu.FilevaPA.Sprint4.Task4.V12", "Tyuiu.FilevaPA.Sprint4.Task4.V12\Tyuiu.FilevaPA.Sprint4.Task4.V12.csproj", "{1B68CE0D-5D47-4047-94D6-40025F0048B3}"
EndProject
Project("{FAE04EC0-301F-11D3-BF4B-00C04F79EFBC}") = "Tyuiu.FilevaPA.Sprint4.Task4.V12.Lib", "Tyuiu.FilevaPA.Sprint4.Task4.V12.Lib\Tyuiu.FilevaPA.Sprint4.Task4.V12.Lib.csproj", "{B909721D-5193-4CED-9DF8-ED605F7B774D}"
EndProject
Project("{FAE04EC0-301F-11D3-BF4B-00C04F79EFBC}") = "Tyuiu.FilevaPA.Sprint4.Task4.V12.Test", "Tyuiu.FilevaPA.Sprint4.Task4.V12.Test\Tyuiu.FilevaPA.Sprint4.Task4.V12.Test.csproj", "{10369385-5FE8-424B-B2C7-DF0441B132D2}"
EndProject
Project("{2150E333-8FDC-42A3-9474-1A3956D46DE8}") = "Task 5", "Task 5", "{B188795B-0C23-49F3-A434-4006BC37F3EA}"
EndProject
Project("{FAE04EC0-301F-11D3-BF4B-00C04F79EFBC}") = "Tyuiu.FilevaPA.Sprint4.Task5.V14", "Tyuiu.FilevaPA.Sprint4.Task5.V14\Tyuiu.FilevaPA.Sprint4.Task5.V14.csproj", "{5DFE9D0F-AAC2-458F-B060-BBE6F7143B34}"
EndProject
Project("{FAE04EC0-301F-11D3-BF4B-00C04F79EFBC}") = "Tyuiu.FilevaPA.Sprint4.Task5.V14.Lib", "Tyuiu.FilevaPA.Sprint4.Task5.V14.Lib\Tyuiu.FilevaPA.Sprint4.Task5.V14.Lib.csproj", "{F93CAE3E-470B-4022-8DFC-5C857A8A0330}"
EndProject
Project("{FAE04EC0-301F-11D3-BF4B-00C04F79EFBC}") = "Tyuiu.FilevaPA.Sprint4.Task5.V14.Test", "Tyuiu.FilevaPA.Sprint4.Task5.V14.Test\Tyuiu.FilevaPA.Sprint4.Task5.V14.Test.csproj", "{72E7B0DD-2AB5-4EFB-BA93-852348F4F92B}"
EndProject
Project("{2150E333-8FDC-42A3-9474-1A3956D46DE8}") = "Task 6", "Task 6", "{7B2F3FA0-6B5D-45FF-A260-5BF104F09B56}"
EndProject
Project("{FAE04EC0-301F-11D3-BF4B-00C04F79EFBC}") = "Tyuiu.FilevaPA.Sprint4.Task6.V25", "Tyuiu.FilevaPA.Sprint4.Task6.V25\Tyuiu.FilevaPA.Sprint4.Task6.V25.csproj", "{42903115-20D1-4CFF-B05D-9F09678A903B}"
EndProject
Project("{FAE04EC0-301F-11D3-BF4B-00C04F79EFBC}") = "Tyuiu.FilevaPA.Sprint4.Task6.V25.Lib", "Tyuiu.FilevaPA.Sprint4.Task6.V25.Lib\Tyuiu.FilevaPA.Sprint4.Task6.V25.Lib.csproj", "{4C2DA00B-D779-4EF5-885E-591B03F5F773}"
EndProject
Project("{FAE04EC0-301F-11D3-BF4B-00C04F79EFBC}") = "Tyuiu.FilevaPA.Sprint4.Task6.V25.Test", "Tyuiu.FilevaPA.Sprint4.Task6.V25.Test\Tyuiu.FilevaPA.Sprint4.Task6.V25.Test.csproj", "{71D96E9B-9D77-4137-92A6-EAF299DADD46}"
EndProject
Global
	GlobalSection(SolutionConfigurationPlatforms) = preSolution
		Debug|Any CPU = Debug|Any CPU
		Release|Any CPU = Release|Any CPU
	EndGlobalSection
	GlobalSection(ProjectConfigurationPlatforms) = postSolution
		{62358C64-602D-489A-868A-4486194DB7B4}.Debug|Any CPU.ActiveCfg = Debug|Any CPU
		{62358C64-602D-489A-868A-4486194DB7B4}.Debug|Any CPU.Build.0 = Debug|Any CPU
		{62358C64-602D-489A-868A-4486194DB7B4}.Release|Any CPU.ActiveCfg = Release|Any CPU
		{62358C64-602D-489A-868A-4486194DB7B4}.Release|Any CPU.Build.0 = Release|Any CPU
		{BBC25A1D-55F5-4FAA-BC8D-CCC9B6A87670}.Debug|Any CPU.ActiveCfg = Debug|Any CPU
		{BBC25A1D-55F5-4FAA-BC8D-CCC9B6A87670}.Debug|Any CPU.Build.0 = Debug|Any CPU
		{BBC25A1D-55F5-4FAA-BC8D-CCC9B6A87670}.Release|Any CPU.ActiveCfg = Release|Any CPU
		{BBC25A1D-55F5-4FAA-BC8D-CCC9B6A87670}.Release|Any CPU.Build.0 = Release|Any CPU
		{1B993F53-281C-4972-B6D7-BF589DCE8C82}.Debug|Any CPU.ActiveCfg = Debug|Any CPU
		{1B993F53-281C-4972-B6D7-BF589DCE8C82}.Debug|Any CPU.Build.0 = Debug|Any CPU
		{1B993F53-281C-4972-B6D7-BF589DCE8C82}.Release|Any CPU.ActiveCfg = Release|Any CPU
		{1B993F53-281C-4972-B6D7-BF589DCE8C82}.Release|Any CPU.Build.0 = Release|Any CPU
		{E85E7DB0-18E8-45E3-B1EF-AB4228E913FB}.Debug|Any CPU.ActiveCfg = Debug|Any CPU
		{E85E7DB0-18E8-45E3-B1EF-AB4228E913FB}.Debug|Any CPU.Build.0 = Debug|Any CPU
		{E85E7DB0-18E8-45E3-B1EF-AB4228E913FB}.Release|Any CPU.ActiveCfg = Release|Any CPU
		{E85E7DB0-18E8-45E3-B1EF-AB4228E913FB}.Release|Any CPU.Build.0 = Release|Any CPU
		{29F142D5-1583-40EC-AC8F-7740E83ADDF4}.Debug|Any CPU.ActiveCfg = Debug|Any CPU
		{29F142D5-1583-40EC-AC8F-7740E83ADDF4}.Debug|Any CPU.Build.0 = Debug|Any CPU
		{29F142D5-1583-40EC-AC8F-7740E83ADDF4}.Release|Any CPU.ActiveCfg = Release|Any CPU
		{29F142D5-1583-40EC-AC8F-7740E83ADDF4}.Release|Any CPU.Build.0 = Release|Any CPU
		{A53D5EB8-DB60-4217-AD2F-C03EE0F97A38}.Debug|Any CPU.ActiveCfg = Debug|Any CPU
		{A53D5EB8-DB60-4217-AD2F-C03EE0F97A38}.Debug|Any CPU.Build.0 = Debug|Any CPU
		{A53D5EB8-DB60-4217-AD2F-C03EE0F97A38}.Release|Any CPU.ActiveCfg = Release|Any CPU
		{A53D5EB8-DB60-4217-AD2F-C03EE0F97A38}.Release|Any CPU.Build.0 = Release|Any CPU
		{9366D3AA-DC82-434F-9320-A402C6E2EA3D}.Debug|Any CPU.ActiveCfg = Debug|Any CPU
		{9366D3AA-DC82-434F-9320-A402C6E2EA3D}.Debug|Any CPU.Build.0 = Debug|Any CPU
		{9366D3AA-DC82-434F-9320-A402C6E2EA3D}.Release|Any CPU.ActiveCfg = Release|Any CPU
		{9366D3AA-DC82-434F-9320-A402C6E2EA3D}.Release|Any CPU.Build.0 = Release|Any CPU
		{8075AB04-D8EB-4586-B0FF-1058B1B9E977}.Debug|Any CPU.ActiveCfg = Debug|Any CPU
		{8075AB04-D8EB-4586-B0FF-1058B1B9E977}.Debug|Any CPU.Build.0 = Debug|Any CPU
		{8075AB04-D8EB-4586-B0FF-1058B1B9E977}.Release|Any CPU.ActiveCfg = Release|Any CPU
		{8075AB04-D8EB-4586-B0FF-1058B1B9E977}.Release|Any CPU.Build.0 = Release|Any CPU
		{07AA3BD5-C9C3-479C-A821-5315DD2060E3}.Debug|Any CPU.ActiveCfg = Debug|Any CPU
		{07AA3BD5-C9C3-479C-A821-5315DD2060E3}.Debug|Any CPU.Build.0 = Debug|Any CPU
		{07AA3BD5-C9C3-479C-A821-5315DD2060E3}.Release|Any CPU.ActiveCfg = Release|Any CPU
		{07AA3BD5-C9C3-479C-A821-5315DD2060E3}.Release|Any CPU.Build.0 = Release|Any CPU
		{84A293E3-87F0-4E11-8EBC-C84EF9010B8C}.Debug|Any CPU.ActiveCfg = Debug|Any CPU
		{84A293E3-87F0-4E11-8EBC-C84EF9010B8C}.Debug|Any CPU.Build.0 = Debug|Any CPU
		{84A293E3-87F0-4E11-8EBC-C84EF9010B8C}.Release|Any CPU.ActiveCfg = Release|Any CPU
		{84A293E3-87F0-4E11-8EBC-C84EF9010B8C}.Release|Any CPU.Build.0 = Release|Any CPU
		{05AA3940-BD08-46E1-859D-E74D5B78A9C8}.Debug|Any CPU.ActiveCfg = Debug|Any CPU
		{05AA3940-BD08-46E1-859D-E74D5B78A9C8}.Debug|Any CPU.Build.0 = Debug|Any CPU
		{05AA3940-BD08-46E1-859D-E74D5B78A9C8}.Release|Any CPU.ActiveCfg = Release|Any CPU
		{05AA3940-BD08-46E1-859D-E74D5B78A9C8}.Release|Any CPU.Build.0 = Release|Any CPU
		{0956AB3D-79D5-43ED-9E2D-FC374C1D5C82}.Debug|Any CPU.ActiveCfg = Debug|Any CPU
		{0956AB3D-79D5-43ED-9E2D-FC374C1D5C82}.Debug|Any CPU.Build.0 = Debug|Any CPU
		{0956AB3D-79D5-43ED-9E2D-FC374C1D5C82}.Release|Any CPU.ActiveCfg = Release|Any CPU
		{0956AB3D-79D5-43ED-9E2D-FC374C1D5C82}.Release|Any CPU.Build.0 = Release|Any CPU
		{1B68CE0D-5D47-4047-94D6-40025F0048B3}.Debug|Any CPU.ActiveCfg = Debug|Any CPU
		{1B68CE0D-5D47-4047-94D6-40025F0048B3}.Debug|Any CPU.Build.0 = Debug|Any CPU
		{1B68CE0D-5D47-4047-94D6-40025F0048B3}.Release|Any CPU.ActiveCfg = Release|Any CPU
		{1B68CE0D-5D47-4047-94D6-40025F0048B3}.Release|Any CPU.Build.0 = Release|Any CPU
		{B909721D-5193-4CED-9DF8-ED605F7B774D}.Debug|Any CPU.ActiveCfg = Debug|Any CPU
		{B909721D-5193-4CED-9DF8-ED605F7B774D}.Debug|Any CPU.Build.0 = Debug|Any CPU
		{B909721D-5193-4CED-9DF8-ED605F7B774D}.Release|Any CPU.ActiveCfg = Release|Any CPU
		{B909721D-5193-4CED-9DF8-ED605F7B774D}.Release|Any CPU.Build.0 = Release|Any CPU
		{10369385-5FE8-424B-B2C7-DF0441B132D2}.Debug|Any CPU.ActiveCfg = Debug|Any CPU
		{10369385-5FE8-424B-B2C7-DF0441B132D2}.Debug|Any CPU.Build.0 = Debug|Any CPU
		{10369385-5FE8-424B-B2C7-DF0441B132D2}.Release|Any CPU.ActiveCfg = Release|Any CPU
		{10369385-5FE8-424B-B2C7-DF0441B132D2}.Release|Any CPU.Build.0 = Release|Any CPU
		{5DFE9D0F-AAC2-458F-B060-BBE6F7143B34}.Debug|Any CPU.ActiveCfg = Debug|Any CPU
		{5DFE9D0F-AAC2-458F-B060-BBE6F7143B34}.Debug|Any CPU.Build.0 = Debug|Any CPU
		{5DFE9D0F-AAC2-458F-B060-BBE6F7143B34}.Release|Any CPU.ActiveCfg = Release|Any CPU
		{5DFE9D0F-AAC2-458F-B060-BBE6F7143B34}.Release|Any CPU.Build.0 = Release|Any CPU
		{F93CAE3E-470B-4022-8DFC-5C857A8A0330}.Debug|Any CPU.ActiveCfg = Debug|Any CPU
		{F93CAE3E-470B-4022-8DFC-5C857A8A0330}.Debug|Any CPU.Build.0 = Debug|Any CPU
		{F93CAE3E-470B-4022-8DFC-5C857A8A0330}.Release|Any CPU.ActiveCfg = Release|Any CPU
		{F93CAE3E-470B-4022-8DFC-5C857A8A0330}.Release|Any CPU.Build.0 = Release|Any CPU
		{72E7B0DD-2AB5-4EFB-BA93-852348F4F92B}.Debug|Any CPU.ActiveCfg = Debug|Any CPU
		{72E7B0DD-2AB5-4EFB-BA93-852348F4F92B}.Debug|Any CPU.Build.0 = Debug|Any CPU
		{72E7B0DD-2AB5-4EFB-BA93-852348F4F92B}.Release|Any CPU.ActiveCfg = Release|Any CPU
		{72E7B0DD-2AB5-4EFB-BA93-852348F4F92B}.Release|Any CPU.Build.0 = Release|Any CPU
		{42903115-20D1-4CFF-B05D-9F09678A903B}.Debug|Any CPU.ActiveCfg = Debug|Any CPU
		{42903115-20D1-4CFF-B05D-9F09678A903B}.Debug|Any CPU.Build.0 = Debug|Any CPU
		{42903115-20D1-4CFF-B05D-9F09678A903B}.Release|Any CPU.ActiveCfg = Release|Any CPU
		{42903115-20D1-4CFF-B05D-9F09678A903B}.Release|Any CPU.Build.0 = Release|Any CPU
		{4C2DA00B-D779-4EF5-885E-591B03F5F773}.Debug|Any CPU.ActiveCfg = Debug|Any CPU
		{4C2DA00B-D779-4EF5-885E-591B03F5F773}.Debug|Any CPU.Build.0 = Debug|Any CPU
		{4C2DA00B-D779-4EF5-885E-591B03F5F773}.Release|Any CPU.ActiveCfg = Release|Any CPU
		{4C2DA00B-D779-4EF5-885E-591B03F5F773}.Release|Any CPU.Build.0 = Release|Any CPU
		{71D96E9B-9D77-4137-92A6-EAF299DADD46}.Debug|Any CPU.ActiveCfg = Debug|Any CPU
		{71D96E9B-9D77-4137-92A6-EAF299DADD46}.Debug|Any CPU.Build.0 = Debug|Any CPU
		{71D96E9B-9D77-4137-92A6-EAF299DADD46}.Release|Any CPU.ActiveCfg = Release|Any CPU
		{71D96E9B-9D77-4137-92A6-EAF299DADD46}.Release|Any CPU.Build.0 = Release|Any CPU
	EndGlobalSection
	GlobalSection(SolutionProperties) = preSolution
		HideSolutionNode = FALSE
	EndGlobalSection
	GlobalSection(NestedProjects) = preSolution
		{62358C64-602D-489A-868A-4486194DB7B4} = {02EA681E-C7D8-13C7-8484-4AC65E1B71E8}
		{BBC25A1D-55F5-4FAA-BC8D-CCC9B6A87670} = {02EA681E-C7D8-13C7-8484-4AC65E1B71E8}
		{1B993F53-281C-4972-B6D7-BF589DCE8C82} = {02EA681E-C7D8-13C7-8484-4AC65E1B71E8}
		{E85E7DB0-18E8-45E3-B1EF-AB4228E913FB} = {3F34418B-5E3E-4A75-8D1D-B0BD5A23BD8A}
		{29F142D5-1583-40EC-AC8F-7740E83ADDF4} = {3F34418B-5E3E-4A75-8D1D-B0BD5A23BD8A}
		{A53D5EB8-DB60-4217-AD2F-C03EE0F97A38} = {3F34418B-5E3E-4A75-8D1D-B0BD5A23BD8A}
		{9366D3AA-DC82-434F-9320-A402C6E2EA3D} = {09DDD7BF-71C7-4B50-B98C-ACA100B61361}
		{8075AB04-D8EB-4586-B0FF-1058B1B9E977} = {09DDD7BF-71C7-4B50-B98C-ACA100B61361}
		{07AA3BD5-C9C3-479C-A821-5315DD2060E3} = {09DDD7BF-71C7-4B50-B98C-ACA100B61361}
		{84A293E3-87F0-4E11-8EBC-C84EF9010B8C} = {86A87F72-9585-4AEB-8BD8-2682B7EB8531}
		{05AA3940-BD08-46E1-859D-E74D5B78A9C8} = {86A87F72-9585-4AEB-8BD8-2682B7EB8531}
		{0956AB3D-79D5-43ED-9E2D-FC374C1D5C82} = {86A87F72-9585-4AEB-8BD8-2682B7EB8531}
		{1B68CE0D-5D47-4047-94D6-40025F0048B3} = {6D073EE1-F9C0-495A-9A42-22DB424BD01A}
		{B909721D-5193-4CED-9DF8-ED605F7B774D} = {6D073EE1-F9C0-495A-9A42-22DB424BD01A}
		{10369385-5FE8-424B-B2C7-DF0441B132D2} = {6D073EE1-F9C0-495A-9A42-22DB424BD01A}
		{5DFE9D0F-AAC2-458F-B060-BBE6F7143B34} = {B188795B-0C23-49F3-A434-4006BC37F3EA}
		{F93CAE3E-470B-4022-8DFC-5C857A8A0330} = {B188795B-0C23-49F3-A434-4006BC37F3EA}
		{72E7B0DD-2AB5-4EFB-BA93-852348F4F92B} = {B188795B-0C23-49F3-A434-4006BC37F3EA}
		{42903115-20D1-4CFF-B05D-9F09678A903B} = {7B2F3FA0-6B5D-45FF-A260-5BF104F09B56}
		{4C2DA00B-D779-4EF5-885E-591B03F5F773} = {7B2F3FA0-6B5D-45FF-A260-5BF104F09B56}
		{71D96E9B-9D77-4137-92A6-EAF299DADD46} = {7B2F3FA0-6B5D-45FF-A260-5BF104F09B56}
	EndGlobalSection
	GlobalSection(ExtensibilityGlobals) = postSolution
		SolutionGuid = {5CA7C489-C54F-4D32-978A-6697413A6F6E}
	EndGlobalSection
EndGlobal
