
Microsoft Visual Studio Solution File, Format Version 12.00
# Visual Studio Version 17
VisualStudioVersion = 17.14.36518.9
MinimumVisualStudioVersion = 10.0.40219.1
Project("{2150E333-8FDC-42A3-9474-1A3956D46DE8}") = "Task 0", "Task 0", "{02EA681E-C7D8-13C7-8484-4AC65E1B71E8}"
EndProject
Project("{FAE04EC0-301F-11D3-BF4B-00C04F79EFBC}") = "Tyuiu.FilevaPA.Sprint4.Task0.V3", "Tyuiu.FilevaPA.Sprint4.Task0.V3\Tyuiu.FilevaPA.Sprint4.Task0.V3.csproj", "{62358C64-602D-489A-868A-4486194DB7B4}"
EndProject
Project("{FAE04EC0-301F-11D3-BF4B-00C04F79EFBC}") = "Tyuiu.FilevaPA.Sprint4.Task0.V3.Lib", "Tyuiu.FilevaPA.Sprint4.Task0.V3.Lib\Tyuiu.FilevaPA.Sprint4.Task0.V3.Lib.csproj", "{BBC25A1D-55F5-4FAA-BC8D-CCC9B6A87670}"
EndProject
Project("{FAE04EC0-301F-11D3-BF4B-00C04F79EFBC}") = "Tyuiu.FilevaPA.Sprint4.Task0.V3.Test", "Tyuiu.FilevaPA.Sprint4.Task0.V3.Test\Tyuiu.FilevaPA.Sprint4.Task0.V3.Test.csproj", "{1B993F53-281C-4972-B6D7-BF589DCE8C82}"
EndProject
Project("{2150E333-8FDC-42A3-9474-1A3956D46DE8}") = "Task 1", "Task 1", "{3F34418B-5E3E-4A75-8D1D-B0BD5A23BD8A}"
EndProject
Project("{FAE04EC0-301F-11D3-BF4B-00C04F79EFBC}") = "Tyuiu.FilevaPA.Sprint4.Task1.V7", "Tyuiu.FilevaPA.Sprint4.Task1.V7\Tyuiu.FilevaPA.Sprint4.Task1.V7.csproj", "{E85E7DB0-18E8-45E3-B1EF-AB4228E913FB}"
EndProject
Project("{FAE04EC0-301F-11D3-BF4B-00C04F79EFBC}") = "Tyuiu.FilevaPA.Sprint4.Task1.V7.Lib", "Tyuiu.FilevaPA.Sprint4.Task1.V7.Lib\Tyuiu.FilevaPA.Sprint4.Task1.V7.Lib.csproj", "{29F142D5-1583-40EC-AC8F-7740E83ADDF4}"
EndProject
Project("{FAE04EC0-301F-11D3-BF4B-00C04F79EFBC}") = "Tyuiu.FilevaPA.Sprint4.Task1.V7.Test", "Tyuiu.FilevaPA.Sprint4.Task1.V7.Test\Tyuiu.FilevaPA.Sprint4.Task1.V7.Test.csproj", "{A53D5EB8-DB60-4217-AD2F-C03EE0F97A38}"
EndProject
Project("{2150E333-8FDC-42A3-9474-1A3956D46DE8}") = "Task 2", "Task 2", "{09DDD7BF-71C7-4B50-B98C-ACA100B61361}"
EndProject
Project("{FAE04EC0-301F-11D3-BF4B-00C04F79EFBC}") = "Tyuiu.FilevaPA.Sprint4.Task2.V3", "Tyuiu.FilevaPA.Sprint4.Task2.V3\Tyuiu.FilevaPA.Sprint4.Task2.V3.csproj", "{9366D3AA-DC82-434F-9320-A402C6E2EA3D}"
EndProject
Project("{FAE04EC0-301F-11D3-BF4B-00C04F79EFBC}") = "Tyuiu.FilevaPA.Sprint4.Task2.V3.Lib", "Tyuiu.FilevaPA.Sprint4.Task2.V3.Lib\Tyuiu.FilevaPA.Sprint4.Task2.V3.Lib.csproj", "{8075AB04-D8EB-4586-B0FF-1058B1B9E977}"
EndProject
Project("{FAE04EC0-301F-11D3-BF4B-00C04F79EFBC}") = "Tyuiu.FilevaPA.Sprint4.Task2.V3.Test", "Tyuiu.FilevaPA.Sprint4.Task2.V3.Test\Tyuiu.FilevaPA.Sprint4.Task2.V3.Test.csproj", "{07AA3BD5-C9C3-479C-A821-5315DD2060E3}"
EndProject
Global
	GlobalSection(SolutionConfigurationPlatforms) = preSolution
		Debug|Any CPU = Debug|Any CPU
		Release|Any CPU = Release|Any CPU
	EndGlobalSection
	GlobalSection(ProjectConfigurationPlatforms) = postSolution
		{62358C64-602D-489A-868A-4486194DB7B4}.Debug|Any CPU.ActiveCfg = Debug|Any CPU
		{62358C64-602D-489A-868A-4486194DB7B4}.Debug|Any CPU.Build.0 = Debug|Any CPU
		{62358C64-602D-489A-868A-4486194DB7B4}.Release|Any CPU.ActiveCfg = Release|Any CPU
		{62358C64-602D-489A-868A-4486194DB7B4}.Release|Any CPU.Build.0 = Release|Any CPU
		{BBC25A1D-55F5-4FAA-BC8D-CCC9B6A87670}.Debug|Any CPU.ActiveCfg = Debug|Any CPU
		{BBC25A1D-55F5-4FAA-BC8D-CCC9B6A87670}.Debug|Any CPU.Build.0 = Debug|Any CPU
		{BBC25A1D-55F5-4FAA-BC8D-CCC9B6A87670}.Release|Any CPU.ActiveCfg = Release|Any CPU
		{BBC25A1D-55F5-4FAA-BC8D-CCC9B6A87670}.Release|Any CPU.Build.0 = Release|Any CPU
		{1B993F53-281C-4972-B6D7-BF589DCE8C82}.Debug|Any CPU.ActiveCfg = Debug|Any CPU
		{1B993F53-281C-4972-B6D7-BF589DCE8C82}.Debug|Any CPU.Build.0 = Debug|Any CPU
		{1B993F53-281C-4972-B6D7-BF589DCE8C82}.Release|Any CPU.ActiveCfg = Release|Any CPU
		{1B993F53-281C-4972-B6D7-BF589DCE8C82}.Release|Any CPU.Build.0 = Release|Any CPU
		{E85E7DB0-18E8-45E3-B1EF-AB4228E913FB}.Debug|Any CPU.ActiveCfg = Debug|Any CPU
		{E85E7DB0-18E8-45E3-B1EF-AB4228E913FB}.Debug|Any CPU.Build.0 = Debug|Any CPU
		{E85E7DB0-18E8-45E3-B1EF-AB4228E913FB}.Release|Any CPU.ActiveCfg = Release|Any CPU
		{E85E7DB0-18E8-45E3-B1EF-AB4228E913FB}.Release|Any CPU.Build.0 = Release|Any CPU
		{29F142D5-1583-40EC-AC8F-7740E83ADDF4}.Debug|Any CPU.ActiveCfg = Debug|Any CPU
		{29F142D5-1583-40EC-AC8F-7740E83ADDF4}.Debug|Any CPU.Build.0 = Debug|Any CPU
		{29F142D5-1583-40EC-AC8F-7740E83ADDF4}.Release|Any CPU.ActiveCfg = Release|Any CPU
		{29F142D5-1583-40EC-AC8F-7740E83ADDF4}.Release|Any CPU.Build.0 = Release|Any CPU
		{A53D5EB8-DB60-4217-AD2F-C03EE0F97A38}.Debug|Any CPU.ActiveCfg = Debug|Any CPU
		{A53D5EB8-DB60-4217-AD2F-C03EE0F97A38}.Debug|Any CPU.Build.0 = Debug|Any CPU
		{A53D5EB8-DB60-4217-AD2F-C03EE0F97A38}.Release|Any CPU.ActiveCfg = Release|Any CPU
		{A53D5EB8-DB60-4217-AD2F-C03EE0F97A38}.Release|Any CPU.Build.0 = Release|Any CPU
		{9366D3AA-DC82-434F-9320-A402C6E2EA3D}.Debug|Any CPU.ActiveCfg = Debug|Any CPU
		{9366D3AA-DC82-434F-9320-A402C6E2EA3D}.Debug|Any CPU.Build.0 = Debug|Any CPU
		{9366D3AA-DC82-434F-9320-A402C6E2EA3D}.Release|Any CPU.ActiveCfg = Release|Any CPU
		{9366D3AA-DC82-434F-9320-A402C6E2EA3D}.Release|Any CPU.Build.0 = Release|Any CPU
		{8075AB04-D8EB-4586-B0FF-1058B1B9E977}.Debug|Any CPU.ActiveCfg = Debug|Any CPU
		{8075AB04-D8EB-4586-B0FF-1058B1B9E977}.Debug|Any CPU.Build.0 = Debug|Any CPU
		{8075AB04-D8EB-4586-B0FF-1058B1B9E977}.Release|Any CPU.ActiveCfg = Release|Any CPU
		{8075AB04-D8EB-4586-B0FF-1058B1B9E977}.Release|Any CPU.Build.0 = Release|Any CPU
		{07AA3BD5-C9C3-479C-A821-5315DD2060E3}.Debug|Any CPU.ActiveCfg = Debug|Any CPU
		{07AA3BD5-C9C3-479C-A821-5315DD2060E3}.Debug|Any CPU.Build.0 = Debug|Any CPU
		{07AA3BD5-C9C3-479C-A821-5315DD2060E3}.Release|Any CPU.ActiveCfg = Release|Any CPU
		{07AA3BD5-C9C3-479C-A821-5315DD2060E3}.Release|Any CPU.Build.0 = Release|Any CPU
	EndGlobalSection
	GlobalSection(SolutionProperties) = preSolution
		HideSolutionNode = FALSE
	EndGlobalSection
	GlobalSection(NestedProjects) = preSolution
		{62358C64-602D-489A-868A-4486194DB7B4} = {02EA681E-C7D8-13C7-8484-4AC65E1B71E8}
		{BBC25A1D-55F5-4FAA-BC8D-CCC9B6A87670} = {02EA681E-C7D8-13C7-8484-4AC65E1B71E8}
		{1B993F53-281C-4972-B6D7-BF589DCE8C82} = {02EA681E-C7D8-13C7-8484-4AC65E1B71E8}
		{E85E7DB0-18E8-45E3-B1EF-AB4228E913FB} = {3F34418B-5E3E-4A75-8D1D-B0BD5A23BD8A}
		{29F142D5-1583-40EC-AC8F-7740E83ADDF4} = {3F34418B-5E3E-4A75-8D1D-B0BD5A23BD8A}
		{A53D5EB8-DB60-4217-AD2F-C03EE0F97A38} = {3F34418B-5E3E-4A75-8D1D-B0BD5A23BD8A}
		{9366D3AA-DC82-434F-9320-A402C6E2EA3D} = {09DDD7BF-71C7-4B50-B98C-ACA100B61361}
		{8075AB04-D8EB-4586-B0FF-1058B1B9E977} = {09DDD7BF-71C7-4B50-B98C-ACA100B61361}
		{07AA3BD5-C9C3-479C-A821-5315DD2060E3} = {09DDD7BF-71C7-4B50-B98C-ACA100B61361}
	EndGlobalSection
	GlobalSection(ExtensibilityGlobals) = postSolution
		SolutionGuid = {5CA7C489-C54F-4D32-978A-6697413A6F6E}
	EndGlobalSection
EndGlobal
